
Microsoft Visual Studio Solution File, Format Version 12.00
# Visual Studio 14
VisualStudioVersion = 14.0.24720.0
MinimumVisualStudioVersion = 10.0.40219.1
Project("{2150E333-8FDC-42A3-9474-1A3956D46DE8}") = ".paket", ".paket", "{DCD3A1AF-B992-4B25-BC6E-FC305AEDA7EE}"
	ProjectSection(SolutionItems) = preProject
		paket.dependencies = paket.dependencies
	EndProjectSection
EndProject
Project("{FAE04EC0-301F-11D3-BF4B-00C04F79EFBC}") = "EligibilityRuleEvaluator", "EligibilityRuleEvaluator.csproj", "{86685F67-1A78-4F98-9828-0408AFC9E092}"
EndProject
Global
	GlobalSection(SolutionConfigurationPlatforms) = preSolution
		Debug|Any CPU = Debug|Any CPU
		Release|Any CPU = Release|Any CPU
	EndGlobalSection
	GlobalSection(ProjectConfigurationPlatforms) = postSolution
		{86685F67-1A78-4F98-9828-0408AFC9E092}.Debug|Any CPU.ActiveCfg = Debug|Any CPU
		{86685F67-1A78-4F98-9828-0408AFC9E092}.Debug|Any CPU.Build.0 = Debug|Any CPU
		{86685F67-1A78-4F98-9828-0408AFC9E092}.Release|Any CPU.ActiveCfg = Release|Any CPU
		{86685F67-1A78-4F98-9828-0408AFC9E092}.Release|Any CPU.Build.0 = Release|Any CPU
	EndGlobalSection
	GlobalSection(SolutionProperties) = preSolution
		HideSolutionNode = FALSE
	EndGlobalSection
EndGlobal
